{
  "version": 4,
  "terraform_version": "1.7.3",
  "serial": 142,
  "lineage": "eca297c1-ea40-efef-8049-01974b5a4d4f",
  "outputs": {
    "flatcar_ip": {
      "value": "195.169.23.92",
      "type": "string"
    }
  },
  "resources": [
    {
      "mode": "data",
      "type": "ct_config",
      "name": "master",
      "provider": "provider[\"registry.terraform.io/poseidon/ct\"]",
      "instances": [
        {
          "schema_version": 0,
          "attributes": {
            "content": "variant: flatcar\r\nversion: 1.0.0\r\npasswd:\r\n  users:\r\n    - name: core\r\n      ssh_authorized_keys:\r\n        - ssh-rsa AAAAB3NzaC1yc2EAAAADAQABAAACAQDad8y3qERb58M5WSAC7EGLVCVYVVX+9KxNffWqwbDJ1BrurQ8gkonaHv3uM7PAgeojbFD18qtoboFzgQIqodEn3EIQ7fUN2//PN/q/+7Rez/sMUF8dHefQ9GwEL45c2KnTUrUVKCdEKR5p1T6/L9/rCx7GMrMB5B86BHBeBHoZMMmfUBFqZYXCysBJuGQ0h/dH9sI15fZqVirN/hzIxpRuz4Hpz52mgx0AmMT+qiZ2oJ5n9GKjyf9BmcixMATvh4tK1VJHQF5U70XzWmpcJuUZDq9r4fWORgjDg4EWsA9GKTvgvQa0kU2DTNk7F2xhJqLSsBEhw79wcSwFYmWfJaC/TiO5wo9pGLbpHeUlZuDGaOKqG/AJvC41k7cx7GNn1L3WU50O8jGxc53YYvNUOc8DHEnWTeW2OUFrmkJexBv83An3gEqmQ3h1kpyPsN+TM3yH2jNXoudfWidWW5GsJ7ugdNeR+eHGOgM5+l79+FSEdeAC9x/2ZwNoaXEPaUTl1SuW1Sp0jQ7jyUvdxkww89osJL27tPz6Ma1VUHiQlk0JVq1eGSr2lqLPDnhII7ZlFr1Q+uRTuBzF+nwRStIhpzcKDQjo8TjYnwKEK0PROZPGShU7B9CqZRmThddsJFVEbunU9koRvMaib1BuR2md3gk8YYddWJFBDcuvNhzPIfwJNQ== shrus@Shrush\r\n\r\nstorage:\r\n  files:\r\n    - path: /opt/k3s-install.sh\r\n      mode: 0777\r\n      contents:\r\n        source: https://get.k3s.io\r\n\r\n    # - path: /opt/install_helm.sh\r\n    #   mode: 0777\r\n    #   contents: \r\n    #     inline: |\r\n    #         export KUBECONFIG=/etc/rancher/k3s/k3s.yaml\r\n    #         wget https://get.helm.sh/helm-v3.13.1-linux-amd64.tar.gz\r\n    #         tar -zxvf helm-v3.13.1-linux-amd64.tar.gz\r\n    #         mkdir -p ~/bin\r\n    #         mv linux-amd64/helm ~/bin/helm\r\n    #         export PATH=$PATH:~/bin\r\n    #         helm version\r\n    #         helm repo add gitlab https://charts.gitlab.io --kubeconfig=/etc/rancher/k3s/k3s.yaml\r\n    #         helm repo update --kubeconfig=/etc/rancher/k3s/k3s.yaml\r\n    #         helm upgrade --kubeconfig=/etc/rancher/k3s/k3s.yaml --install demo-agent gitlab/gitlab-agent --namespace gitlab-agent-demo-agent --create-namespace --set image.tag=v16.5.0 --set config.token=glagent-shBxU2g4RnmqhvA_o3TruCTdbzPHLMcBCGQeg4hGup9xmmu1bA --set config.kasAddress=wss://kas.gitlab.com\r\n\r\n\r\n    # - path: /opt/install_gitlabagent.sh\r\n    #   mode: 0777\r\n    #   contents: \r\n    #     inline: |\r\n    #        helm upgrade --install demo-agent gitlab/gitlab-agent --namespace gitlab-agent-demo-agent --create-namespace --set image.tag=v16.5.0 --set config.token=glagent-shBxU2g4RnmqhvA_o3TruCTdbzPHLMcBCGQeg4hGup9xmmu1bA --set config.kasAddress=wss://kas.gitlab.com\r\nsystemd:\r\n  units:\r\n    - name: k3s-install.service\r\n      enabled: true\r\n      contents: |\r\n        [Unit]\r\n        Description=Run K3s script\r\n        Wants=network-online.target\r\n        After=network.target network-online.target\r\n        ConditionPathExists=/opt/k3s-install.sh\r\n        ConditionPathExists=!/opt.bin/k3s-install.sh\r\n        ConditionPathExists=!/opt/bin/k3s\r\n        [Service]\r\n        Type=forking\r\n        TimeoutStartSec=180\r\n        RemainAfterExit=yes\r\n        KillMode=process\r\n        Environment=\"K3S_TOKEN=secret_edgecluster_token\"\r\n        Environment=\"INSTALL_K3S_EXEC=server --disable=traefik --cluster-init --write-kubeconfig-mode 644\"\r\n        ExecStart=/usr/bin/sh -c \"/opt/k3s-install.sh\"\r\n        [Install]\r\n        WantedBy=multi-user.target\r\n\r\n    # - name: helm.service\r\n    #   enabled: true \r\n    #   contents: |\r\n    #     [Unit]\r\n    #     After=cinderintr.service\r\n    #     Requires=cinderintr.service\r\n    #     [Service]\r\n    #     ExecStart=/usr/bin/sh -c \"/opt/install_helm.sh\"\r\n    #     [Install]\r\n    #     WantedBy=multi-user.target\r\n    # - name: gitlabagent.service\r\n    #   enabled: true \r\n    #   contents: |\r\n    #     [Unit]\r\n    #     Wants=network-online.target\r\n    #     After=network.target network-online.target\r\n    #     [Service]\r\n    #     ExecStart=/usr/bin/sh -c \"/opt/install_gitlabagent.sh\"\r\n    #     [Install]\r\n    #     WantedBy=multi-user.target",
            "id": "2950542374",
            "platform": null,
            "pretty_print": false,
            "rendered": "{\"ignition\":{\"config\":{\"replace\":{\"verification\":{}}},\"proxy\":{},\"security\":{\"tls\":{}},\"timeouts\":{},\"version\":\"3.3.0\"},\"kernelArguments\":{},\"passwd\":{\"users\":[{\"name\":\"core\",\"sshAuthorizedKeys\":[\"ssh-rsa AAAAB3NzaC1yc2EAAAADAQABAAACAQDad8y3qERb58M5WSAC7EGLVCVYVVX+9KxNffWqwbDJ1BrurQ8gkonaHv3uM7PAgeojbFD18qtoboFzgQIqodEn3EIQ7fUN2//PN/q/+7Rez/sMUF8dHefQ9GwEL45c2KnTUrUVKCdEKR5p1T6/L9/rCx7GMrMB5B86BHBeBHoZMMmfUBFqZYXCysBJuGQ0h/dH9sI15fZqVirN/hzIxpRuz4Hpz52mgx0AmMT+qiZ2oJ5n9GKjyf9BmcixMATvh4tK1VJHQF5U70XzWmpcJuUZDq9r4fWORgjDg4EWsA9GKTvgvQa0kU2DTNk7F2xhJqLSsBEhw79wcSwFYmWfJaC/TiO5wo9pGLbpHeUlZuDGaOKqG/AJvC41k7cx7GNn1L3WU50O8jGxc53YYvNUOc8DHEnWTeW2OUFrmkJexBv83An3gEqmQ3h1kpyPsN+TM3yH2jNXoudfWidWW5GsJ7ugdNeR+eHGOgM5+l79+FSEdeAC9x/2ZwNoaXEPaUTl1SuW1Sp0jQ7jyUvdxkww89osJL27tPz6Ma1VUHiQlk0JVq1eGSr2lqLPDnhII7ZlFr1Q+uRTuBzF+nwRStIhpzcKDQjo8TjYnwKEK0PROZPGShU7B9CqZRmThddsJFVEbunU9koRvMaib1BuR2md3gk8YYddWJFBDcuvNhzPIfwJNQ== shrus@Shrush\"]}]},\"storage\":{\"files\":[{\"group\":{},\"path\":\"/opt/k3s-install.sh\",\"user\":{},\"contents\":{\"source\":\"https://get.k3s.io\",\"verification\":{}},\"mode\":511}]},\"systemd\":{\"units\":[{\"contents\":\"[Unit]\\nDescription=Run K3s script\\nWants=network-online.target\\nAfter=network.target network-online.target\\nConditionPathExists=/opt/k3s-install.sh\\nConditionPathExists=!/opt.bin/k3s-install.sh\\nConditionPathExists=!/opt/bin/k3s\\n[Service]\\nType=forking\\nTimeoutStartSec=180\\nRemainAfterExit=yes\\nKillMode=process\\nEnvironment=\\\"K3S_TOKEN=secret_edgecluster_token\\\"\\nEnvironment=\\\"INSTALL_K3S_EXEC=server --disable=traefik --cluster-init --write-kubeconfig-mode 644\\\"\\nExecStart=/usr/bin/sh -c \\\"/opt/k3s-install.sh\\\"\\n[Install]\\nWantedBy=multi-user.target\\n\",\"enabled\":true,\"name\":\"k3s-install.service\"}]}}",
            "snippets": null,
            "strict": true
          },
          "sensitive_attributes": []
        }
      ]
    },
    {
      "mode": "data",
      "type": "ct_config",
      "name": "worker",
      "provider": "provider[\"registry.terraform.io/poseidon/ct\"]",
      "instances": [
        {
          "index_key": 0,
          "schema_version": 0,
          "attributes": {
            "content": "variant: flatcar\nversion: 1.0.0\n\n# This configures the user account\npasswd:\n  users:\n    - name: core\n      ssh_authorized_keys:\n        - ssh-rsa AAAAB3NzaC1yc2EAAAADAQABAAACAQDad8y3qERb58M5WSAC7EGLVCVYVVX+9KxNffWqwbDJ1BrurQ8gkonaHv3uM7PAgeojbFD18qtoboFzgQIqodEn3EIQ7fUN2//PN/q/+7Rez/sMUF8dHefQ9GwEL45c2KnTUrUVKCdEKR5p1T6/L9/rCx7GMrMB5B86BHBeBHoZMMmfUBFqZYXCysBJuGQ0h/dH9sI15fZqVirN/hzIxpRuz4Hpz52mgx0AmMT+qiZ2oJ5n9GKjyf9BmcixMATvh4tK1VJHQF5U70XzWmpcJuUZDq9r4fWORgjDg4EWsA9GKTvgvQa0kU2DTNk7F2xhJqLSsBEhw79wcSwFYmWfJaC/TiO5wo9pGLbpHeUlZuDGaOKqG/AJvC41k7cx7GNn1L3WU50O8jGxc53YYvNUOc8DHEnWTeW2OUFrmkJexBv83An3gEqmQ3h1kpyPsN+TM3yH2jNXoudfWidWW5GsJ7ugdNeR+eHGOgM5+l79+FSEdeAC9x/2ZwNoaXEPaUTl1SuW1Sp0jQ7jyUvdxkww89osJL27tPz6Ma1VUHiQlk0JVq1eGSr2lqLPDnhII7ZlFr1Q+uRTuBzF+nwRStIhpzcKDQjo8TjYnwKEK0PROZPGShU7B9CqZRmThddsJFVEbunU9koRvMaib1BuR2md3gk8YYddWJFBDcuvNhzPIfwJNQ== shrus@Shrush\r\n\n\nstorage:\n  files:\n    - path: /opt/k3s-install.sh\n      #filesystem: root\n      mode: 0777\n      contents:\n        source: https://get.k3s.io\n\n# This starts the very simple Docker container\nsystemd:\n  units:\n    - name: k3s-install.service\n      enabled: true\n      contents: |\n        [Unit]\n        Description=Run K3s script\n        Wants=network-online.target\n        After=network.target network-online.target\n        ConditionPathExists=!/opt.bin/k3s-install.sh\n        ConditionPathExists=!/opt/bin/k3s\n        [Service]\n        Type=forking\n        TimeoutStartSec=180\n        RemainAfterExit=yes\n        KillMode=process\n        Environment=\"K3S_TOKEN=secret_edgecluster_token\"\n        Environment=\"INSTALL_K3S_EXEC='--server' 'https://10.10.3.194:6443'\"\n        ExecStart=/usr/bin/sh -c \"/opt/k3s-install.sh\"\n        [Install]\n        WantedBy=multi-user.target\n",
            "id": "3455446410",
            "platform": null,
            "pretty_print": false,
            "rendered": "{\"ignition\":{\"config\":{\"replace\":{\"verification\":{}}},\"proxy\":{},\"security\":{\"tls\":{}},\"timeouts\":{},\"version\":\"3.3.0\"},\"kernelArguments\":{},\"passwd\":{\"users\":[{\"name\":\"core\",\"sshAuthorizedKeys\":[\"ssh-rsa AAAAB3NzaC1yc2EAAAADAQABAAACAQDad8y3qERb58M5WSAC7EGLVCVYVVX+9KxNffWqwbDJ1BrurQ8gkonaHv3uM7PAgeojbFD18qtoboFzgQIqodEn3EIQ7fUN2//PN/q/+7Rez/sMUF8dHefQ9GwEL45c2KnTUrUVKCdEKR5p1T6/L9/rCx7GMrMB5B86BHBeBHoZMMmfUBFqZYXCysBJuGQ0h/dH9sI15fZqVirN/hzIxpRuz4Hpz52mgx0AmMT+qiZ2oJ5n9GKjyf9BmcixMATvh4tK1VJHQF5U70XzWmpcJuUZDq9r4fWORgjDg4EWsA9GKTvgvQa0kU2DTNk7F2xhJqLSsBEhw79wcSwFYmWfJaC/TiO5wo9pGLbpHeUlZuDGaOKqG/AJvC41k7cx7GNn1L3WU50O8jGxc53YYvNUOc8DHEnWTeW2OUFrmkJexBv83An3gEqmQ3h1kpyPsN+TM3yH2jNXoudfWidWW5GsJ7ugdNeR+eHGOgM5+l79+FSEdeAC9x/2ZwNoaXEPaUTl1SuW1Sp0jQ7jyUvdxkww89osJL27tPz6Ma1VUHiQlk0JVq1eGSr2lqLPDnhII7ZlFr1Q+uRTuBzF+nwRStIhpzcKDQjo8TjYnwKEK0PROZPGShU7B9CqZRmThddsJFVEbunU9koRvMaib1BuR2md3gk8YYddWJFBDcuvNhzPIfwJNQ== shrus@Shrush\"]}]},\"storage\":{\"files\":[{\"group\":{},\"path\":\"/opt/k3s-install.sh\",\"user\":{},\"contents\":{\"source\":\"https://get.k3s.io\",\"verification\":{}},\"mode\":511}]},\"systemd\":{\"units\":[{\"contents\":\"[Unit]\\nDescription=Run K3s script\\nWants=network-online.target\\nAfter=network.target network-online.target\\nConditionPathExists=!/opt.bin/k3s-install.sh\\nConditionPathExists=!/opt/bin/k3s\\n[Service]\\nType=forking\\nTimeoutStartSec=180\\nRemainAfterExit=yes\\nKillMode=process\\nEnvironment=\\\"K3S_TOKEN=secret_edgecluster_token\\\"\\nEnvironment=\\\"INSTALL_K3S_EXEC='--server' 'https://10.10.3.194:6443'\\\"\\nExecStart=/usr/bin/sh -c \\\"/opt/k3s-install.sh\\\"\\n[Install]\\nWantedBy=multi-user.target\\n\",\"enabled\":true,\"name\":\"k3s-install.service\"}]}}",
            "snippets": null,
            "strict": true
          },
          "sensitive_attributes": []
        },
        {
          "index_key": 1,
          "schema_version": 0,
          "attributes": {
            "content": "variant: flatcar\nversion: 1.0.0\n\n# This configures the user account\npasswd:\n  users:\n    - name: core\n      ssh_authorized_keys:\n        - ssh-rsa AAAAB3NzaC1yc2EAAAADAQABAAACAQDad8y3qERb58M5WSAC7EGLVCVYVVX+9KxNffWqwbDJ1BrurQ8gkonaHv3uM7PAgeojbFD18qtoboFzgQIqodEn3EIQ7fUN2//PN/q/+7Rez/sMUF8dHefQ9GwEL45c2KnTUrUVKCdEKR5p1T6/L9/rCx7GMrMB5B86BHBeBHoZMMmfUBFqZYXCysBJuGQ0h/dH9sI15fZqVirN/hzIxpRuz4Hpz52mgx0AmMT+qiZ2oJ5n9GKjyf9BmcixMATvh4tK1VJHQF5U70XzWmpcJuUZDq9r4fWORgjDg4EWsA9GKTvgvQa0kU2DTNk7F2xhJqLSsBEhw79wcSwFYmWfJaC/TiO5wo9pGLbpHeUlZuDGaOKqG/AJvC41k7cx7GNn1L3WU50O8jGxc53YYvNUOc8DHEnWTeW2OUFrmkJexBv83An3gEqmQ3h1kpyPsN+TM3yH2jNXoudfWidWW5GsJ7ugdNeR+eHGOgM5+l79+FSEdeAC9x/2ZwNoaXEPaUTl1SuW1Sp0jQ7jyUvdxkww89osJL27tPz6Ma1VUHiQlk0JVq1eGSr2lqLPDnhII7ZlFr1Q+uRTuBzF+nwRStIhpzcKDQjo8TjYnwKEK0PROZPGShU7B9CqZRmThddsJFVEbunU9koRvMaib1BuR2md3gk8YYddWJFBDcuvNhzPIfwJNQ== shrus@Shrush\r\n\n\nstorage:\n  files:\n    - path: /opt/k3s-install.sh\n      #filesystem: root\n      mode: 0777\n      contents:\n        source: https://get.k3s.io\n\n# This starts the very simple Docker container\nsystemd:\n  units:\n    - name: k3s-install.service\n      enabled: true\n      contents: |\n        [Unit]\n        Description=Run K3s script\n        Wants=network-online.target\n        After=network.target network-online.target\n        ConditionPathExists=!/opt.bin/k3s-install.sh\n        ConditionPathExists=!/opt/bin/k3s\n        [Service]\n        Type=forking\n        TimeoutStartSec=180\n        RemainAfterExit=yes\n        KillMode=process\n        Environment=\"K3S_TOKEN=secret_edgecluster_token\"\n        Environment=\"INSTALL_K3S_EXEC='--server' 'https://10.10.3.194:6443'\"\n        ExecStart=/usr/bin/sh -c \"/opt/k3s-install.sh\"\n        [Install]\n        WantedBy=multi-user.target\n",
            "id": "3455446410",
            "platform": null,
            "pretty_print": false,
            "rendered": "{\"ignition\":{\"config\":{\"replace\":{\"verification\":{}}},\"proxy\":{},\"security\":{\"tls\":{}},\"timeouts\":{},\"version\":\"3.3.0\"},\"kernelArguments\":{},\"passwd\":{\"users\":[{\"name\":\"core\",\"sshAuthorizedKeys\":[\"ssh-rsa AAAAB3NzaC1yc2EAAAADAQABAAACAQDad8y3qERb58M5WSAC7EGLVCVYVVX+9KxNffWqwbDJ1BrurQ8gkonaHv3uM7PAgeojbFD18qtoboFzgQIqodEn3EIQ7fUN2//PN/q/+7Rez/sMUF8dHefQ9GwEL45c2KnTUrUVKCdEKR5p1T6/L9/rCx7GMrMB5B86BHBeBHoZMMmfUBFqZYXCysBJuGQ0h/dH9sI15fZqVirN/hzIxpRuz4Hpz52mgx0AmMT+qiZ2oJ5n9GKjyf9BmcixMATvh4tK1VJHQF5U70XzWmpcJuUZDq9r4fWORgjDg4EWsA9GKTvgvQa0kU2DTNk7F2xhJqLSsBEhw79wcSwFYmWfJaC/TiO5wo9pGLbpHeUlZuDGaOKqG/AJvC41k7cx7GNn1L3WU50O8jGxc53YYvNUOc8DHEnWTeW2OUFrmkJexBv83An3gEqmQ3h1kpyPsN+TM3yH2jNXoudfWidWW5GsJ7ugdNeR+eHGOgM5+l79+FSEdeAC9x/2ZwNoaXEPaUTl1SuW1Sp0jQ7jyUvdxkww89osJL27tPz6Ma1VUHiQlk0JVq1eGSr2lqLPDnhII7ZlFr1Q+uRTuBzF+nwRStIhpzcKDQjo8TjYnwKEK0PROZPGShU7B9CqZRmThddsJFVEbunU9koRvMaib1BuR2md3gk8YYddWJFBDcuvNhzPIfwJNQ== shrus@Shrush\"]}]},\"storage\":{\"files\":[{\"group\":{},\"path\":\"/opt/k3s-install.sh\",\"user\":{},\"contents\":{\"source\":\"https://get.k3s.io\",\"verification\":{}},\"mode\":511}]},\"systemd\":{\"units\":[{\"contents\":\"[Unit]\\nDescription=Run K3s script\\nWants=network-online.target\\nAfter=network.target network-online.target\\nConditionPathExists=!/opt.bin/k3s-install.sh\\nConditionPathExists=!/opt/bin/k3s\\n[Service]\\nType=forking\\nTimeoutStartSec=180\\nRemainAfterExit=yes\\nKillMode=process\\nEnvironment=\\\"K3S_TOKEN=secret_edgecluster_token\\\"\\nEnvironment=\\\"INSTALL_K3S_EXEC='--server' 'https://10.10.3.194:6443'\\\"\\nExecStart=/usr/bin/sh -c \\\"/opt/k3s-install.sh\\\"\\n[Install]\\nWantedBy=multi-user.target\\n\",\"enabled\":true,\"name\":\"k3s-install.service\"}]}}",
            "snippets": null,
            "strict": true
          },
          "sensitive_attributes": []
        },
        {
          "index_key": 2,
          "schema_version": 0,
          "attributes": {
            "content": "variant: flatcar\nversion: 1.0.0\n\n# This configures the user account\npasswd:\n  users:\n    - name: core\n      ssh_authorized_keys:\n        - ssh-rsa AAAAB3NzaC1yc2EAAAADAQABAAACAQDad8y3qERb58M5WSAC7EGLVCVYVVX+9KxNffWqwbDJ1BrurQ8gkonaHv3uM7PAgeojbFD18qtoboFzgQIqodEn3EIQ7fUN2//PN/q/+7Rez/sMUF8dHefQ9GwEL45c2KnTUrUVKCdEKR5p1T6/L9/rCx7GMrMB5B86BHBeBHoZMMmfUBFqZYXCysBJuGQ0h/dH9sI15fZqVirN/hzIxpRuz4Hpz52mgx0AmMT+qiZ2oJ5n9GKjyf9BmcixMATvh4tK1VJHQF5U70XzWmpcJuUZDq9r4fWORgjDg4EWsA9GKTvgvQa0kU2DTNk7F2xhJqLSsBEhw79wcSwFYmWfJaC/TiO5wo9pGLbpHeUlZuDGaOKqG/AJvC41k7cx7GNn1L3WU50O8jGxc53YYvNUOc8DHEnWTeW2OUFrmkJexBv83An3gEqmQ3h1kpyPsN+TM3yH2jNXoudfWidWW5GsJ7ugdNeR+eHGOgM5+l79+FSEdeAC9x/2ZwNoaXEPaUTl1SuW1Sp0jQ7jyUvdxkww89osJL27tPz6Ma1VUHiQlk0JVq1eGSr2lqLPDnhII7ZlFr1Q+uRTuBzF+nwRStIhpzcKDQjo8TjYnwKEK0PROZPGShU7B9CqZRmThddsJFVEbunU9koRvMaib1BuR2md3gk8YYddWJFBDcuvNhzPIfwJNQ== shrus@Shrush\r\n\n\nstorage:\n  files:\n    - path: /opt/k3s-install.sh\n      #filesystem: root\n      mode: 0777\n      contents:\n        source: https://get.k3s.io\n\n# This starts the very simple Docker container\nsystemd:\n  units:\n    - name: k3s-install.service\n      enabled: true\n      contents: |\n        [Unit]\n        Description=Run K3s script\n        Wants=network-online.target\n        After=network.target network-online.target\n        ConditionPathExists=!/opt.bin/k3s-install.sh\n        ConditionPathExists=!/opt/bin/k3s\n        [Service]\n        Type=forking\n        TimeoutStartSec=180\n        RemainAfterExit=yes\n        KillMode=process\n        Environment=\"K3S_TOKEN=secret_edgecluster_token\"\n        Environment=\"INSTALL_K3S_EXEC='--server' 'https://10.10.3.194:6443'\"\n        ExecStart=/usr/bin/sh -c \"/opt/k3s-install.sh\"\n        [Install]\n        WantedBy=multi-user.target\n",
            "id": "3455446410",
            "platform": null,
            "pretty_print": false,
            "rendered": "{\"ignition\":{\"config\":{\"replace\":{\"verification\":{}}},\"proxy\":{},\"security\":{\"tls\":{}},\"timeouts\":{},\"version\":\"3.3.0\"},\"kernelArguments\":{},\"passwd\":{\"users\":[{\"name\":\"core\",\"sshAuthorizedKeys\":[\"ssh-rsa AAAAB3NzaC1yc2EAAAADAQABAAACAQDad8y3qERb58M5WSAC7EGLVCVYVVX+9KxNffWqwbDJ1BrurQ8gkonaHv3uM7PAgeojbFD18qtoboFzgQIqodEn3EIQ7fUN2//PN/q/+7Rez/sMUF8dHefQ9GwEL45c2KnTUrUVKCdEKR5p1T6/L9/rCx7GMrMB5B86BHBeBHoZMMmfUBFqZYXCysBJuGQ0h/dH9sI15fZqVirN/hzIxpRuz4Hpz52mgx0AmMT+qiZ2oJ5n9GKjyf9BmcixMATvh4tK1VJHQF5U70XzWmpcJuUZDq9r4fWORgjDg4EWsA9GKTvgvQa0kU2DTNk7F2xhJqLSsBEhw79wcSwFYmWfJaC/TiO5wo9pGLbpHeUlZuDGaOKqG/AJvC41k7cx7GNn1L3WU50O8jGxc53YYvNUOc8DHEnWTeW2OUFrmkJexBv83An3gEqmQ3h1kpyPsN+TM3yH2jNXoudfWidWW5GsJ7ugdNeR+eHGOgM5+l79+FSEdeAC9x/2ZwNoaXEPaUTl1SuW1Sp0jQ7jyUvdxkww89osJL27tPz6Ma1VUHiQlk0JVq1eGSr2lqLPDnhII7ZlFr1Q+uRTuBzF+nwRStIhpzcKDQjo8TjYnwKEK0PROZPGShU7B9CqZRmThddsJFVEbunU9koRvMaib1BuR2md3gk8YYddWJFBDcuvNhzPIfwJNQ== shrus@Shrush\"]}]},\"storage\":{\"files\":[{\"group\":{},\"path\":\"/opt/k3s-install.sh\",\"user\":{},\"contents\":{\"source\":\"https://get.k3s.io\",\"verification\":{}},\"mode\":511}]},\"systemd\":{\"units\":[{\"contents\":\"[Unit]\\nDescription=Run K3s script\\nWants=network-online.target\\nAfter=network.target network-online.target\\nConditionPathExists=!/opt.bin/k3s-install.sh\\nConditionPathExists=!/opt/bin/k3s\\n[Service]\\nType=forking\\nTimeoutStartSec=180\\nRemainAfterExit=yes\\nKillMode=process\\nEnvironment=\\\"K3S_TOKEN=secret_edgecluster_token\\\"\\nEnvironment=\\\"INSTALL_K3S_EXEC='--server' 'https://10.10.3.194:6443'\\\"\\nExecStart=/usr/bin/sh -c \\\"/opt/k3s-install.sh\\\"\\n[Install]\\nWantedBy=multi-user.target\\n\",\"enabled\":true,\"name\":\"k3s-install.service\"}]}}",
            "snippets": null,
            "strict": true
          },
          "sensitive_attributes": []
        }
      ]
    },
    {
      "mode": "data",
      "type": "openstack_networking_network_v2",
      "name": "public",
      "provider": "provider[\"registry.terraform.io/terraform-provider-openstack/openstack\"]",
      "instances": [
        {
          "schema_version": 0,
          "attributes": {
            "admin_state_up": "true",
            "all_tags": [],
            "availability_zone_hints": [],
            "description": "",
            "dns_domain": "hb.hpc.rug.nl.",
            "external": true,
            "id": "0b283797-feb2-4804-b7bb-62134384411b",
            "matching_subnet_cidr": null,
            "mtu": 1500,
            "name": "external",
            "network_id": null,
            "region": "",
            "segments": [],
            "shared": "true",
            "status": null,
            "subnets": [
              "f27435dd-59d2-4c5d-9f68-241b072287a1"
            ],
            "tags": null,
            "tenant_id": "c171f73ae300434b833b7b36d76301a4",
            "transparent_vlan": false
          },
          "sensitive_attributes": []
        }
      ]
    },
    {
      "mode": "managed",
      "type": "openstack_compute_floatingip_associate_v2",
      "name": "fip_master",
      "provider": "provider[\"registry.terraform.io/terraform-provider-openstack/openstack\"]",
      "instances": [
        {
          "schema_version": 0,
          "attributes": {
            "fixed_ip": "",
            "floating_ip": "195.169.23.92",
            "id": "195.169.23.92/587aed96-f468-456b-9687-4a5ef4ee0626/",
            "instance_id": "587aed96-f468-456b-9687-4a5ef4ee0626",
            "region": "",
            "timeouts": null,
            "wait_until_associated": null
          },
          "sensitive_attributes": [],
          "private": "eyJlMmJmYjczMC1lY2FhLTExZTYtOGY4OC0zNDM2M2JjN2M0YzAiOnsiY3JlYXRlIjo2MDAwMDAwMDAwMDB9fQ==",
          "dependencies": [
            "data.ct_config.master",
            "openstack_compute_instance_v2.flatcar_master",
            "openstack_images_image_v2.flatcar",
            "openstack_networking_floatingip_v2.float_ip_master",
            "openstack_networking_network_v2.internal",
            "openstack_networking_secgroup_v2.basic"
          ]
        }
      ]
    },
    {
      "mode": "managed",
      "type": "openstack_compute_instance_v2",
      "name": "flatcar_master",
      "provider": "provider[\"registry.terraform.io/terraform-provider-openstack/openstack\"]",
      "instances": [
        {
          "schema_version": 0,
          "attributes": {
            "access_ip_v4": "10.10.3.194",
            "access_ip_v6": "",
            "admin_pass": null,
            "all_metadata": {},
            "all_tags": [],
            "availability_zone": "nova",
            "availability_zone_hints": null,
            "block_device": [],
            "config_drive": null,
            "created": "2024-03-09 00:31:48 +0000 UTC",
            "flavor_id": "9cabb0ec-d284-481b-a162-753ae8438050",
            "flavor_name": "general.v1.tiny",
            "floating_ip": null,
            "force_delete": false,
            "id": "587aed96-f468-456b-9687-4a5ef4ee0626",
            "image_id": "0dca8acc-a50a-49c7-8f60-316b4e975284",
            "image_name": "Flatcar",
            "key_pair": "",
            "metadata": null,
            "name": "master",
            "network": [
              {
                "access_network": false,
                "fixed_ip_v4": "10.10.3.194",
                "fixed_ip_v6": "",
                "floating_ip": "",
                "mac": "fa:16:3e:28:55:55",
                "name": "internal",
                "port": "",
                "uuid": "7eaddd46-2b57-4aff-88c3-c04bd654fabc"
              }
            ],
            "network_mode": null,
            "personality": [],
            "power_state": "active",
            "region": "",
            "scheduler_hints": [],
            "security_groups": [
              "Basic",
              "default"
            ],
            "stop_before_destroy": false,
            "tags": null,
            "timeouts": null,
            "updated": "2024-03-09 00:32:12 +0000 UTC",
            "user_data": "8ebb9d074d2b2498dbad5ed56cad855fb2976e4e",
            "vendor_options": [],
            "volume": []
          },
          "sensitive_attributes": [],
          "private": "eyJlMmJmYjczMC1lY2FhLTExZTYtOGY4OC0zNDM2M2JjN2M0YzAiOnsiY3JlYXRlIjoxODAwMDAwMDAwMDAwLCJkZWxldGUiOjE4MDAwMDAwMDAwMDAsInVwZGF0ZSI6MTgwMDAwMDAwMDAwMH19",
          "dependencies": [
            "data.ct_config.master",
            "openstack_images_image_v2.flatcar",
            "openstack_networking_floatingip_v2.float_ip_master",
            "openstack_networking_network_v2.internal",
            "openstack_networking_secgroup_v2.basic"
          ]
        }
      ]
    },
    {
      "mode": "managed",
      "type": "openstack_compute_instance_v2",
      "name": "flatcar_worker",
      "provider": "provider[\"registry.terraform.io/terraform-provider-openstack/openstack\"]",
      "instances": [
        {
          "index_key": 0,
          "schema_version": 0,
          "attributes": {
            "access_ip_v4": "10.10.0.219",
            "access_ip_v6": "",
            "admin_pass": null,
            "all_metadata": {},
            "all_tags": [],
            "availability_zone": "nova",
            "availability_zone_hints": null,
            "block_device": [],
            "config_drive": null,
            "created": "2024-03-09 00:32:25 +0000 UTC",
            "flavor_id": "9cabb0ec-d284-481b-a162-753ae8438050",
            "flavor_name": "general.v1.tiny",
            "floating_ip": null,
            "force_delete": false,
            "id": "3b549cfa-3f73-4622-b1d1-2a13e7d4c2a0",
            "image_id": "0dca8acc-a50a-49c7-8f60-316b4e975284",
            "image_name": "Flatcar",
            "key_pair": "",
            "metadata": null,
            "name": "worker 0",
            "network": [
              {
                "access_network": false,
                "fixed_ip_v4": "10.10.0.219",
                "fixed_ip_v6": "",
                "floating_ip": "",
                "mac": "fa:16:3e:de:b5:2a",
                "name": "internal",
                "port": "",
                "uuid": "7eaddd46-2b57-4aff-88c3-c04bd654fabc"
              }
            ],
            "network_mode": null,
            "personality": [],
            "power_state": "active",
            "region": "",
            "scheduler_hints": [],
            "security_groups": [
              "Basic",
              "default"
            ],
            "stop_before_destroy": false,
            "tags": null,
            "timeouts": null,
            "updated": "2024-03-09 00:32:52 +0000 UTC",
            "user_data": "9941879ced94a4741d5a5af6bea19eab0ddae0a4",
            "vendor_options": [],
            "volume": []
          },
          "sensitive_attributes": [],
          "private": "eyJlMmJmYjczMC1lY2FhLTExZTYtOGY4OC0zNDM2M2JjN2M0YzAiOnsiY3JlYXRlIjoxODAwMDAwMDAwMDAwLCJkZWxldGUiOjE4MDAwMDAwMDAwMDAsInVwZGF0ZSI6MTgwMDAwMDAwMDAwMH19",
          "dependencies": [
            "data.ct_config.master",
            "data.ct_config.worker",
            "openstack_compute_floatingip_associate_v2.fip_master",
            "openstack_compute_instance_v2.flatcar_master",
            "openstack_images_image_v2.flatcar",
            "openstack_networking_floatingip_v2.float_ip_master",
            "openstack_networking_network_v2.internal",
            "openstack_networking_secgroup_v2.basic"
          ]
        },
        {
          "index_key": 1,
          "schema_version": 0,
          "attributes": {
            "access_ip_v4": "10.10.1.98",
            "access_ip_v6": "",
            "admin_pass": null,
            "all_metadata": {},
            "all_tags": [],
            "availability_zone": "nova",
            "availability_zone_hints": null,
            "block_device": [],
            "config_drive": null,
            "created": "2024-03-09 00:32:25 +0000 UTC",
            "flavor_id": "9cabb0ec-d284-481b-a162-753ae8438050",
            "flavor_name": "general.v1.tiny",
            "floating_ip": null,
            "force_delete": false,
            "id": "f6011238-93b2-46c8-9646-213280984545",
            "image_id": "0dca8acc-a50a-49c7-8f60-316b4e975284",
            "image_name": "Flatcar",
            "key_pair": "",
            "metadata": null,
            "name": "worker 1",
            "network": [
              {
                "access_network": false,
                "fixed_ip_v4": "10.10.1.98",
                "fixed_ip_v6": "",
                "floating_ip": "",
                "mac": "fa:16:3e:a0:01:69",
                "name": "internal",
                "port": "",
                "uuid": "7eaddd46-2b57-4aff-88c3-c04bd654fabc"
              }
            ],
            "network_mode": null,
            "personality": [],
            "power_state": "active",
            "region": "",
            "scheduler_hints": [],
            "security_groups": [
              "Basic",
              "default"
            ],
            "stop_before_destroy": false,
            "tags": null,
            "timeouts": null,
            "updated": "2024-03-09 00:32:51 +0000 UTC",
            "user_data": "9941879ced94a4741d5a5af6bea19eab0ddae0a4",
            "vendor_options": [],
            "volume": []
          },
          "sensitive_attributes": [],
          "private": "eyJlMmJmYjczMC1lY2FhLTExZTYtOGY4OC0zNDM2M2JjN2M0YzAiOnsiY3JlYXRlIjoxODAwMDAwMDAwMDAwLCJkZWxldGUiOjE4MDAwMDAwMDAwMDAsInVwZGF0ZSI6MTgwMDAwMDAwMDAwMH19",
          "dependencies": [
            "data.ct_config.master",
            "data.ct_config.worker",
            "openstack_compute_floatingip_associate_v2.fip_master",
            "openstack_compute_instance_v2.flatcar_master",
            "openstack_images_image_v2.flatcar",
            "openstack_networking_floatingip_v2.float_ip_master",
            "openstack_networking_network_v2.internal",
            "openstack_networking_secgroup_v2.basic"
          ]
        },
        {
          "index_key": 2,
          "schema_version": 0,
          "attributes": {
            "access_ip_v4": "10.10.1.48",
            "access_ip_v6": "",
            "admin_pass": null,
            "all_metadata": {},
            "all_tags": [],
            "availability_zone": "nova",
            "availability_zone_hints": null,
            "block_device": [],
            "config_drive": null,
            "created": "2024-03-09 00:32:25 +0000 UTC",
            "flavor_id": "9cabb0ec-d284-481b-a162-753ae8438050",
            "flavor_name": "general.v1.tiny",
            "floating_ip": null,
            "force_delete": false,
            "id": "872b18b1-d128-48af-bc3d-035cdf60efa0",
            "image_id": "0dca8acc-a50a-49c7-8f60-316b4e975284",
            "image_name": "Flatcar",
            "key_pair": "",
            "metadata": null,
            "name": "worker 2",
            "network": [
              {
                "access_network": false,
                "fixed_ip_v4": "10.10.1.48",
                "fixed_ip_v6": "",
                "floating_ip": "",
                "mac": "fa:16:3e:ac:70:20",
                "name": "internal",
                "port": "",
                "uuid": "7eaddd46-2b57-4aff-88c3-c04bd654fabc"
              }
            ],
            "network_mode": null,
            "personality": [],
            "power_state": "active",
            "region": "",
            "scheduler_hints": [],
            "security_groups": [
              "Basic",
              "default"
            ],
            "stop_before_destroy": false,
            "tags": null,
            "timeouts": null,
            "updated": "2024-03-09 00:32:52 +0000 UTC",
            "user_data": "9941879ced94a4741d5a5af6bea19eab0ddae0a4",
            "vendor_options": [],
            "volume": []
          },
          "sensitive_attributes": [],
          "private": "eyJlMmJmYjczMC1lY2FhLTExZTYtOGY4OC0zNDM2M2JjN2M0YzAiOnsiY3JlYXRlIjoxODAwMDAwMDAwMDAwLCJkZWxldGUiOjE4MDAwMDAwMDAwMDAsInVwZGF0ZSI6MTgwMDAwMDAwMDAwMH19",
          "dependencies": [
            "data.ct_config.master",
            "data.ct_config.worker",
            "openstack_compute_floatingip_associate_v2.fip_master",
            "openstack_compute_instance_v2.flatcar_master",
            "openstack_images_image_v2.flatcar",
            "openstack_networking_floatingip_v2.float_ip_master",
            "openstack_networking_network_v2.internal",
            "openstack_networking_secgroup_v2.basic"
          ]
        }
      ]
    },
    {
      "mode": "managed",
      "type": "openstack_images_image_v2",
      "name": "flatcar",
      "provider": "provider[\"registry.terraform.io/terraform-provider-openstack/openstack\"]",
      "instances": [
        {
          "schema_version": 0,
          "attributes": {
            "checksum": "d7ed175d11bd4091847b7a0fc7274600",
            "container_format": "bare",
            "created_at": "2024-03-09T00:24:40Z",
            "decompress": true,
            "disk_format": "qcow2",
            "file": "/v2/images/0dca8acc-a50a-49c7-8f60-316b4e975284/file",
            "hidden": false,
            "id": "0dca8acc-a50a-49c7-8f60-316b4e975284",
            "image_cache_path": "/.terraform/image_cache",
            "image_id": "0dca8acc-a50a-49c7-8f60-316b4e975284",
            "image_source_password": null,
            "image_source_url": "https://stable.release.flatcar-linux.net/amd64-usr/current/flatcar_production_openstack_image.img.bz2",
            "image_source_username": null,
            "local_file_path": null,
            "metadata": {},
            "min_disk_gb": 0,
            "min_ram_mb": 0,
            "name": "Flatcar",
            "owner": "2e022cac3b144d76a62b609af3a00d51",
            "properties": {
              "os_hash_algo": "sha512",
              "os_hash_value": "6cb04faa10b82a27495dcf887c8b95744b851802ec1becab07586d57d1c4194dd3d37e9c2b2494260789a4c21f492f650e3989350cbf4e40faf1448caee3e782",
              "stores": "rbd"
            },
            "protected": false,
            "region": "",
            "schema": "/v2/schemas/image",
            "size_bytes": 472514560,
            "status": "active",
            "tags": null,
            "timeouts": {
              "create": "2h"
            },
            "update_at": "2024-03-09T00:31:35Z",
            "updated_at": "2024-03-09T00:31:35Z",
            "verify_checksum": null,
            "visibility": "private",
            "web_download": null
          },
          "sensitive_attributes": [],
          "private": "eyJlMmJmYjczMC1lY2FhLTExZTYtOGY4OC0zNDM2M2JjN2M0YzAiOnsiY3JlYXRlIjo3MjAwMDAwMDAwMDAwfX0="
        }
      ]
    },
    {
      "mode": "managed",
      "type": "openstack_networking_floatingip_v2",
      "name": "float_ip_master",
      "provider": "provider[\"registry.terraform.io/terraform-provider-openstack/openstack\"]",
      "instances": [
        {
          "schema_version": 0,
          "attributes": {
            "address": "195.169.23.92",
            "all_tags": [],
            "description": "",
            "dns_domain": "",
            "dns_name": "",
            "fixed_ip": "",
            "id": "605cddb1-f88d-4c72-9aa3-23c688c42b43",
            "pool": "external",
            "port_id": "",
            "region": "",
            "subnet_id": null,
            "subnet_ids": null,
            "tags": null,
            "tenant_id": "2e022cac3b144d76a62b609af3a00d51",
            "timeouts": null,
            "value_specs": null
          },
          "sensitive_attributes": [],
          "private": "eyJlMmJmYjczMC1lY2FhLTExZTYtOGY4OC0zNDM2M2JjN2M0YzAiOnsiY3JlYXRlIjo2MDAwMDAwMDAwMDAsImRlbGV0ZSI6NjAwMDAwMDAwMDAwfX0="
        }
      ]
    },
    {
      "mode": "managed",
      "type": "openstack_networking_network_v2",
      "name": "internal",
      "provider": "provider[\"registry.terraform.io/terraform-provider-openstack/openstack\"]",
      "instances": [
        {
          "schema_version": 0,
          "attributes": {
            "admin_state_up": true,
            "all_tags": [],
            "availability_zone_hints": [],
            "description": "",
            "dns_domain": "",
            "external": false,
            "id": "7eaddd46-2b57-4aff-88c3-c04bd654fabc",
            "mtu": 8942,
            "name": "internal",
            "port_security_enabled": true,
            "qos_policy_id": "",
            "region": "",
            "segments": [],
            "shared": false,
            "tags": null,
            "tenant_id": "2e022cac3b144d76a62b609af3a00d51",
            "timeouts": null,
            "transparent_vlan": false,
            "value_specs": null
          },
          "sensitive_attributes": [],
          "private": "eyJlMmJmYjczMC1lY2FhLTExZTYtOGY4OC0zNDM2M2JjN2M0YzAiOnsiY3JlYXRlIjo2MDAwMDAwMDAwMDAsImRlbGV0ZSI6NjAwMDAwMDAwMDAwfX0="
        }
      ]
    },
    {
      "mode": "managed",
      "type": "openstack_networking_router_interface_v2",
      "name": "internal",
      "provider": "provider[\"registry.terraform.io/terraform-provider-openstack/openstack\"]",
      "instances": [
        {
          "schema_version": 0,
          "attributes": {
            "force_destroy": false,
            "id": "6984e2c2-d418-4721-8a9d-3b2b3a7195dc",
            "port_id": "6984e2c2-d418-4721-8a9d-3b2b3a7195dc",
            "region": "",
            "router_id": "cbb26b39-1454-49a4-b80a-90a37151544d",
            "subnet_id": "a3ad8e2e-4d43-4824-bd3d-3dfe3eca1ebe",
            "timeouts": null
          },
          "sensitive_attributes": [],
          "private": "eyJlMmJmYjczMC1lY2FhLTExZTYtOGY4OC0zNDM2M2JjN2M0YzAiOnsiY3JlYXRlIjo2MDAwMDAwMDAwMDAsImRlbGV0ZSI6NjAwMDAwMDAwMDAwfX0=",
          "dependencies": [
            "data.openstack_networking_network_v2.public",
            "openstack_networking_network_v2.internal",
            "openstack_networking_router_v2.router",
            "openstack_networking_subnet_v2.internal"
          ]
        }
      ]
    },
    {
      "mode": "managed",
      "type": "openstack_networking_router_v2",
      "name": "router",
      "provider": "provider[\"registry.terraform.io/terraform-provider-openstack/openstack\"]",
      "instances": [
        {
          "schema_version": 0,
          "attributes": {
            "admin_state_up": true,
            "all_tags": [],
            "availability_zone_hints": [],
            "description": "",
            "distributed": false,
            "enable_snat": true,
            "external_fixed_ip": [
              {
                "ip_address": "195.169.23.173",
                "subnet_id": "f27435dd-59d2-4c5d-9f68-241b072287a1"
              }
            ],
            "external_gateway": "0b283797-feb2-4804-b7bb-62134384411b",
            "external_network_id": "0b283797-feb2-4804-b7bb-62134384411b",
            "external_subnet_ids": null,
            "id": "cbb26b39-1454-49a4-b80a-90a37151544d",
            "name": "internal_bridge",
            "region": "",
            "tags": null,
            "tenant_id": "2e022cac3b144d76a62b609af3a00d51",
            "timeouts": null,
            "value_specs": null,
            "vendor_options": []
          },
          "sensitive_attributes": [],
          "private": "eyJlMmJmYjczMC1lY2FhLTExZTYtOGY4OC0zNDM2M2JjN2M0YzAiOnsiY3JlYXRlIjo2MDAwMDAwMDAwMDAsImRlbGV0ZSI6NjAwMDAwMDAwMDAwfX0=",
          "dependencies": [
            "data.openstack_networking_network_v2.public"
          ]
        }
      ]
    },
    {
      "mode": "managed",
      "type": "openstack_networking_secgroup_rule_v2",
      "name": "basic_cert",
      "provider": "provider[\"registry.terraform.io/terraform-provider-openstack/openstack\"]",
      "instances": [
        {
          "schema_version": 0,
          "attributes": {
            "description": "",
            "direction": "ingress",
            "ethertype": "IPv4",
            "id": "fa920bc9-f0fa-4b49-aac5-70195358d657",
            "port_range_max": 8080,
            "port_range_min": 8080,
            "protocol": "tcp",
            "region": "",
            "remote_group_id": "",
            "remote_ip_prefix": "0.0.0.0/0",
            "security_group_id": "556266b8-ca50-438a-a4b3-3a81fa2c7e42",
            "tenant_id": "2e022cac3b144d76a62b609af3a00d51",
            "timeouts": null
          },
          "sensitive_attributes": [],
          "private": "eyJlMmJmYjczMC1lY2FhLTExZTYtOGY4OC0zNDM2M2JjN2M0YzAiOnsiZGVsZXRlIjo2MDAwMDAwMDAwMDB9fQ==",
          "dependencies": [
            "openstack_networking_secgroup_v2.basic"
          ]
        }
      ]
    },
    {
      "mode": "managed",
      "type": "openstack_networking_secgroup_rule_v2",
      "name": "basic_http",
      "provider": "provider[\"registry.terraform.io/terraform-provider-openstack/openstack\"]",
      "instances": [
        {
          "schema_version": 0,
          "attributes": {
            "description": "",
            "direction": "ingress",
            "ethertype": "IPv4",
            "id": "8439be82-53da-4279-871b-5b17ce1fe61b",
            "port_range_max": 80,
            "port_range_min": 80,
            "protocol": "tcp",
            "region": "",
            "remote_group_id": "",
            "remote_ip_prefix": "0.0.0.0/0",
            "security_group_id": "556266b8-ca50-438a-a4b3-3a81fa2c7e42",
            "tenant_id": "2e022cac3b144d76a62b609af3a00d51",
            "timeouts": null
          },
          "sensitive_attributes": [],
          "private": "eyJlMmJmYjczMC1lY2FhLTExZTYtOGY4OC0zNDM2M2JjN2M0YzAiOnsiZGVsZXRlIjo2MDAwMDAwMDAwMDB9fQ==",
          "dependencies": [
            "openstack_networking_secgroup_v2.basic"
          ]
        }
      ]
    },
    {
      "mode": "managed",
      "type": "openstack_networking_secgroup_rule_v2",
      "name": "basic_https",
      "provider": "provider[\"registry.terraform.io/terraform-provider-openstack/openstack\"]",
      "instances": [
        {
          "schema_version": 0,
          "attributes": {
            "description": "",
            "direction": "ingress",
            "ethertype": "IPv4",
            "id": "e35b1e12-817d-4011-86f0-7f182c5cb9e0",
            "port_range_max": 443,
            "port_range_min": 443,
            "protocol": "tcp",
            "region": "",
            "remote_group_id": "",
            "remote_ip_prefix": "0.0.0.0/0",
            "security_group_id": "556266b8-ca50-438a-a4b3-3a81fa2c7e42",
            "tenant_id": "2e022cac3b144d76a62b609af3a00d51",
            "timeouts": null
          },
          "sensitive_attributes": [],
          "private": "eyJlMmJmYjczMC1lY2FhLTExZTYtOGY4OC0zNDM2M2JjN2M0YzAiOnsiZGVsZXRlIjo2MDAwMDAwMDAwMDB9fQ==",
          "dependencies": [
            "openstack_networking_secgroup_v2.basic"
          ]
        }
      ]
    },
    {
      "mode": "managed",
      "type": "openstack_networking_secgroup_rule_v2",
      "name": "basic_kube",
      "provider": "provider[\"registry.terraform.io/terraform-provider-openstack/openstack\"]",
      "instances": [
        {
          "schema_version": 0,
          "attributes": {
            "description": "",
            "direction": "ingress",
            "ethertype": "IPv4",
            "id": "0f0c0494-7175-444b-8c3b-26b59fc7ff85",
            "port_range_max": 6443,
            "port_range_min": 6443,
            "protocol": "tcp",
            "region": "",
            "remote_group_id": "",
            "remote_ip_prefix": "0.0.0.0/0",
            "security_group_id": "556266b8-ca50-438a-a4b3-3a81fa2c7e42",
            "tenant_id": "2e022cac3b144d76a62b609af3a00d51",
            "timeouts": null
          },
          "sensitive_attributes": [],
          "private": "eyJlMmJmYjczMC1lY2FhLTExZTYtOGY4OC0zNDM2M2JjN2M0YzAiOnsiZGVsZXRlIjo2MDAwMDAwMDAwMDB9fQ==",
          "dependencies": [
            "openstack_networking_secgroup_v2.basic"
          ]
        }
      ]
    },
    {
      "mode": "managed",
      "type": "openstack_networking_secgroup_rule_v2",
      "name": "basic_ssh",
      "provider": "provider[\"registry.terraform.io/terraform-provider-openstack/openstack\"]",
      "instances": [
        {
          "schema_version": 0,
          "attributes": {
            "description": "",
            "direction": "ingress",
            "ethertype": "IPv4",
            "id": "58be0986-a429-43e6-b568-248a6dff59a7",
            "port_range_max": 22,
            "port_range_min": 22,
            "protocol": "tcp",
            "region": "",
            "remote_group_id": "",
            "remote_ip_prefix": "0.0.0.0/0",
            "security_group_id": "556266b8-ca50-438a-a4b3-3a81fa2c7e42",
            "tenant_id": "2e022cac3b144d76a62b609af3a00d51",
            "timeouts": null
          },
          "sensitive_attributes": [],
          "private": "eyJlMmJmYjczMC1lY2FhLTExZTYtOGY4OC0zNDM2M2JjN2M0YzAiOnsiZGVsZXRlIjo2MDAwMDAwMDAwMDB9fQ==",
          "dependencies": [
            "openstack_networking_secgroup_v2.basic"
          ]
        }
      ]
    },
    {
      "mode": "managed",
      "type": "openstack_networking_secgroup_v2",
      "name": "basic",
      "provider": "provider[\"registry.terraform.io/terraform-provider-openstack/openstack\"]",
      "instances": [
        {
          "schema_version": 0,
          "attributes": {
            "all_tags": [],
            "delete_default_rules": null,
            "description": "Basic security rules for SSH/HTTP(S)",
            "id": "556266b8-ca50-438a-a4b3-3a81fa2c7e42",
            "name": "Basic",
            "region": "",
            "tags": null,
            "tenant_id": "2e022cac3b144d76a62b609af3a00d51",
            "timeouts": null
          },
          "sensitive_attributes": [],
          "private": "eyJlMmJmYjczMC1lY2FhLTExZTYtOGY4OC0zNDM2M2JjN2M0YzAiOnsiZGVsZXRlIjo2MDAwMDAwMDAwMDB9fQ=="
        }
      ]
    },
    {
      "mode": "managed",
      "type": "openstack_networking_subnet_v2",
      "name": "internal",
      "provider": "provider[\"registry.terraform.io/terraform-provider-openstack/openstack\"]",
      "instances": [
        {
          "schema_version": 0,
          "attributes": {
            "all_tags": [],
            "allocation_pool": [
              {
                "end": "10.10.255.254",
                "start": "10.10.0.2"
              }
            ],
            "allocation_pools": [
              {
                "end": "10.10.255.254",
                "start": "10.10.0.2"
              }
            ],
            "cidr": "10.10.0.0/16",
            "description": "",
            "dns_nameservers": [
              "1.1.1.1",
              "9.9.9.9"
            ],
            "enable_dhcp": true,
            "gateway_ip": "10.10.0.1",
            "host_routes": [],
            "id": "a3ad8e2e-4d43-4824-bd3d-3dfe3eca1ebe",
            "ip_version": 4,
            "ipv6_address_mode": "",
            "ipv6_ra_mode": "",
            "name": "internal",
            "network_id": "7eaddd46-2b57-4aff-88c3-c04bd654fabc",
            "no_gateway": false,
            "prefix_length": null,
            "region": "",
            "service_types": [],
            "subnetpool_id": "",
            "tags": null,
            "tenant_id": "2e022cac3b144d76a62b609af3a00d51",
            "timeouts": null,
            "value_specs": null
          },
          "sensitive_attributes": [],
          "private": "eyJlMmJmYjczMC1lY2FhLTExZTYtOGY4OC0zNDM2M2JjN2M0YzAiOnsiY3JlYXRlIjo2MDAwMDAwMDAwMDAsImRlbGV0ZSI6NjAwMDAwMDAwMDAwfX0=",
          "dependencies": [
            "openstack_networking_network_v2.internal"
          ]
        }
      ]
    }
  ],
  "check_results": null
}
